{
  "requires": true,
  "lockfileVersion": 1,
  "dependencies": {
    "@4tw/cypress-drag-drop": {
      "version": "2.1.0",
      "resolved": "https://registry.npmjs.org/@4tw/cypress-drag-drop/-/cypress-drag-drop-2.1.0.tgz",
      "integrity": "sha512-HbPBcx2KBdxL3hhyTlZYsF7XSkHkEKAcmDGfvzXp0sBs2sA/NkHE9CMqHz52liLnnVgKEkVkzcoVnyatCc9J5w==",
      "dev": true
    },
    "cy-verify-downloads": {
      "version": "0.0.5",
      "resolved": "https://registry.npmjs.org/cy-verify-downloads/-/cy-verify-downloads-0.0.5.tgz",
      "integrity": "sha512-aRK7VvKG5rmDJK4hjZ27KM2oOOz0cMO7z/j4zX8qCc4ffXZS1XRJkofUY0w5u6MCB/wUsNMs03VuvkeR2tNPoQ==",
      "dev": true
    },
    "cypress-file-upload": {
      "version": "5.0.8",
      "resolved": "https://registry.npmjs.org/cypress-file-upload/-/cypress-file-upload-5.0.8.tgz",
      "integrity": "sha512-+8VzNabRk3zG6x8f8BWArF/xA/W0VK4IZNx3MV0jFWrJS/qKn8eHfa5nU73P9fOQAgwHFJx7zjg4lwOnljMO8g==",
      "dev": true
    },
    "cypress-real-events": {
      "version": "1.6.0",
      "resolved": "https://registry.npmjs.org/cypress-real-events/-/cypress-real-events-1.6.0.tgz",
      "integrity": "sha512-QxXm0JsQkCrb2uH+fMXNDQ5kNWTzX3OtndBafdsZmNV19j+6JuTK9n52B1YVxrDrr/qzPAojcHJc5PNoQvwp+w=="
    }
  }
}
